
Microsoft Visual Studio Solution File, Format Version 12.00
# Visual Studio 15
VisualStudioVersion = 15.0.27004.2002
MinimumVisualStudioVersion = 10.0.40219.1
Project("{FAE04EC0-301F-11D3-BF4B-00C04F79EFBC}") = "IDDemo", "IDDemo\IDDemo.csproj", "{C76D8768-B7A4-487F-910A-F7F183998C19}"
EndProject
Global
	GlobalSection(SolutionConfigurationPlatforms) = preSolution
		Debug|Any CPU = Debug|Any CPU
		Release|Any CPU = Release|Any CPU
	EndGlobalSection
	GlobalSection(ProjectConfigurationPlatforms) = postSolution
		{C76D8768-B7A4-487F-910A-F7F183998C19}.Debug|Any CPU.ActiveCfg = Debug|Any CPU
		{C76D8768-B7A4-487F-910A-F7F183998C19}.Debug|Any CPU.Build.0 = Debug|Any CPU
		{C76D8768-B7A4-487F-910A-F7F183998C19}.Release|Any CPU.ActiveCfg = Release|Any CPU
		{C76D8768-B7A4-487F-910A-F7F183998C19}.Release|Any CPU.Build.0 = Release|Any CPU
	EndGlobalSection
	GlobalSection(SolutionProperties) = preSolution
		HideSolutionNode = FALSE
	EndGlobalSection
	GlobalSection(ExtensibilityGlobals) = postSolution
		SolutionGuid = {2557C821-8053-4D40-B451-11DFE8CCAE0F}
	EndGlobalSection
EndGlobal
